
Microsoft Visual Studio Solution File, Format Version 12.00
# Visual Studio Version 17
VisualStudioVersion = 17.3.32825.248
MinimumVisualStudioVersion = 10.0.40219.1
Project("{FAE04EC0-301F-11D3-BF4B-00C04F79EFBC}") = "TestProject", "TestProject\TestProject.csproj", "{861251A3-80C3-4BBC-B93E-5C401793CCCA}"
EndProject
Global
	GlobalSection(SolutionConfigurationPlatforms) = preSolution
		Debug|Any CPU = Debug|Any CPU
		Release|Any CPU = Release|Any CPU
	EndGlobalSection
	GlobalSection(ProjectConfigurationPlatforms) = postSolution
		{861251A3-80C3-4BBC-B93E-5C401793CCCA}.Debug|Any CPU.ActiveCfg = Debug|Any CPU
		{861251A3-80C3-4BBC-B93E-5C401793CCCA}.Debug|Any CPU.Build.0 = Debug|Any CPU
		{861251A3-80C3-4BBC-B93E-5C401793CCCA}.Release|Any CPU.ActiveCfg = Release|Any CPU
		{861251A3-80C3-4BBC-B93E-5C401793CCCA}.Release|Any CPU.Build.0 = Release|Any CPU
	EndGlobalSection
	GlobalSection(SolutionProperties) = preSolution
		HideSolutionNode = FALSE
	EndGlobalSection
	GlobalSection(ExtensibilityGlobals) = postSolution
		SolutionGuid = {4A7823C7-629C-4455-9239-9DAA7F980911}
	EndGlobalSection
EndGlobal
